version: 7
platforms:
- name: linux-64
  virtual-packages:
  - __unix=0=0
  - __linux=4.18
  - __glibc=2.28
  - __archspec=0=x86_64
- name: osx-64
  virtual-packages:
  - __unix=0=0
  - __osx=13.0
  - __archspec=0=x86_64
- name: osx-arm64
  virtual-packages:
  - __unix=0=0
  - __osx=13.0
  - __archspec=0=m1
- name: win-64
  virtual-packages:
  - __win=10.0
  - __archspec=0=x86_64
environments:
  default:
    channels:
    - url: https://conda.anaconda.org/conda-forge/
    packages:
      linux-64:
      - conda: https://conda.anaconda.org/conda-forge/linux-64/_openmp_mutex-4.5-20_gnu.conda
      - conda: https://conda.anaconda.org/conda-forge/linux-64/c-ares-1.34.8-hebe6cf0_2.conda
      - conda: https://conda.anaconda.org/conda-forge/linux-64/icu-78.3-py310h44b86e0_2.conda
      - conda: https://conda.anaconda.org/conda-forge/linux-64/libbrotlicommon-1.2.0-h39a168f_4.conda
      - conda: https://conda.anaconda.org/conda-forge/linux-64/libbrotlidec-1.2.0-ha411449_4.conda
      - conda: https://conda.anaconda.org/conda-forge/linux-64/libbrotlienc-1.2.0-h018ffa1_4.conda
      - conda: https://conda.anaconda.org/conda-forge/linux-64/libev-4.33-h280c20c_3.conda
      - conda: https://conda.anaconda.org/conda-forge/linux-64/libgcc-16.2.0-ha9f2e26_7.conda
      - conda: https://conda.anaconda.org/conda-forge/linux-64/libgomp-16.2.0-he0feb66_7.conda
      - conda: https://conda.anaconda.org/conda-forge/linux-64/libnghttp2-1.68.1-h74cf4be_1.conda
      - conda: https://conda.anaconda.org/conda-forge/linux-64/libsqlite-3.53.4-h0737f62_102.conda
      - conda: https://conda.anaconda.org/conda-forge/linux-64/libstdcxx-16.2.0-h934c35e_7.conda
      - conda: https://conda.anaconda.org/conda-forge/linux-64/libuv-1.52.1-h280c20c_1.conda
      - conda: https://conda.anaconda.org/conda-forge/linux-64/libzlib-1.3.2-h25fd6f3_3.conda
      - conda: https://conda.anaconda.org/conda-forge/linux-64/nodejs-24.21.0-h50021de_0.conda
      - conda: https://conda.anaconda.org/conda-forge/linux-64/openssl-3.6.5-h781a0a9_0.conda
      - conda: https://conda.anaconda.org/conda-forge/linux-64/pandoc-3.12-ha770c72_0.conda
      - conda: https://conda.anaconda.org/conda-forge/linux-64/zstd-1.5.7-hb78ec9c_7.conda
      - conda: https://conda.anaconda.org/conda-forge/noarch/ca-certificates-2026.7.22-hbd8a1cb_0.conda
      osx-64:
      - conda: https://conda.anaconda.org/conda-forge/noarch/ca-certificates-2026.7.22-hbd8a1cb_0.conda
      - conda: https://conda.anaconda.org/conda-forge/osx-64/c-ares-1.34.8-had63097_2.conda
      - conda: https://conda.anaconda.org/conda-forge/osx-64/icu-78.3-py313hbf1d544_2.conda
      - conda: https://conda.anaconda.org/conda-forge/osx-64/libbrotlicommon-1.2.0-he0616a4_4.conda
      - conda: https://conda.anaconda.org/conda-forge/osx-64/libbrotlidec-1.2.0-h4a2f56c_4.conda
      - conda: https://conda.anaconda.org/conda-forge/osx-64/libbrotlienc-1.2.0-h3d41943_4.conda
      - conda: https://conda.anaconda.org/conda-forge/osx-64/libcxx-23.1.2-h19cb2f5_0.conda
      - conda: https://conda.anaconda.org/conda-forge/osx-64/libev-4.33-ha3d0635_3.conda
      - conda: https://conda.anaconda.org/conda-forge/osx-64/libnghttp2-1.68.1-h1e30255_1.conda
      - conda: https://conda.anaconda.org/conda-forge/osx-64/libsqlite-3.53.4-ha5db789_102.conda
      - conda: https://conda.anaconda.org/conda-forge/osx-64/libuv-1.52.1-ha3d0635_1.conda
      - conda: https://conda.anaconda.org/conda-forge/osx-64/libzlib-1.3.2-hbb4bfdb_3.conda
      - conda: https://conda.anaconda.org/conda-forge/osx-64/nodejs-24.21.0-hcead6ad_0.conda
      - conda: https://conda.anaconda.org/conda-forge/osx-64/openssl-3.6.5-h332eb6d_0.conda
      - conda: https://conda.anaconda.org/conda-forge/osx-64/pandoc-3.12-h694c41f_0.conda
      - conda: https://conda.anaconda.org/conda-forge/osx-64/zstd-1.5.7-hbc1a06c_7.conda
      osx-arm64:
      - conda: https://conda.anaconda.org/conda-forge/noarch/ca-certificates-2026.7.22-hbd8a1cb_0.conda
      - conda: https://conda.anaconda.org/conda-forge/osx-arm64/c-ares-1.34.8-h74c22ad_2.conda
      - conda: https://conda.anaconda.org/conda-forge/osx-arm64/icu-78.3-py310h579977c_2.conda
      - conda: https://conda.anaconda.org/conda-forge/osx-arm64/libbrotlicommon-1.2.0-h1dcdb26_4.conda
      - conda: https://conda.anaconda.org/conda-forge/osx-arm64/libbrotlidec-1.2.0-h5295a6a_4.conda
      - conda: https://conda.anaconda.org/conda-forge/osx-arm64/libbrotlienc-1.2.0-h2ddc9cb_4.conda
      - conda: https://conda.anaconda.org/conda-forge/osx-arm64/libcxx-23.1.2-h55c6f16_0.conda
      - conda: https://conda.anaconda.org/conda-forge/osx-arm64/libev-4.33-h1a92334_3.conda
      - conda: https://conda.anaconda.org/conda-forge/osx-arm64/libnghttp2-1.68.1-h435687b_1.conda
      - conda: https://conda.anaconda.org/conda-forge/osx-arm64/libsqlite-3.53.4-h34a968b_102.conda
      - conda: https://conda.anaconda.org/conda-forge/osx-arm64/libuv-1.52.1-h1a92334_1.conda
      - conda: https://conda.anaconda.org/conda-forge/osx-arm64/libzlib-1.3.2-h8088a28_3.conda
      - conda: https://conda.anaconda.org/conda-forge/osx-arm64/nodejs-24.21.0-hb275ff0_0.conda
      - conda: https://conda.anaconda.org/conda-forge/osx-arm64/openssl-3.6.5-h55eecbc_0.conda
      - conda: https://conda.anaconda.org/conda-forge/osx-arm64/pandoc-3.12-hce30654_0.conda
      - conda: https://conda.anaconda.org/conda-forge/osx-arm64/zstd-1.5.7-hf451053_7.conda
      win-64:
      - conda: https://conda.anaconda.org/conda-forge/win-64/nodejs-24.21.0-h80d1838_0.conda
      - conda: https://conda.anaconda.org/conda-forge/win-64/pandoc-3.12-h57928b3_0.conda
packages:
- conda: https://conda.anaconda.org/conda-forge/linux-64/_openmp_mutex-4.5-20_gnu.conda
  build_number: 20
  sha256: 1dd3fffd892081df9726d7eb7e0dea6198962ba775bd88842135a4ddb4deb3c9
  md5: a9f577daf3de00bca7c3c76c0ecbd1de
  depends:
  - __glibc >=2.17,<3.0.a0
  - libgomp >=7.5.0
  constrains:
  - openmp_impl <0.0a0
  license: BSD-3-Clause
  license_family: BSD
  run_exports:
    strong:
    - _openmp_mutex >=4.5
  size: 28948
  timestamp: 1770939786096
- conda: https://conda.anaconda.org/conda-forge/linux-64/c-ares-1.34.8-hebe6cf0_2.conda
  sha256: 9c37cc233238adf366ea75b0e845662a5be07ceadf62e458183516369340274b
  md5: 3ad2b403be8fc5612b9159e2ce621f69
  depends:
  - libgcc >=15
  - __glibc >=2.17,<3.0.a0
  license: MIT
  license_family: MIT
  run_exports:
    weak:
    - c-ares >=1.34.8,<2.0a0
  size: 228700
  timestamp: 1787169971173
- conda: https://conda.anaconda.org/conda-forge/linux-64/icu-78.3-py310h44b86e0_2.conda
  sha256: 9f07834f0c546ab14d885ce0366285f61f44e326c0edd1fc63b8294e113ae432
  md5: 72a381cbad04f24b1c2a43ef707f45b4
  depends:
  - __glibc >=2.17,<3.0.a0
  - libstdcxx >=14
  - libgcc >=14
  license: MIT
  license_family: MIT
  run_exports:
    weak:
    - icu >=78.3,<79.0a0
  size: 14459115
  timestamp: 1786545741408
- conda: https://conda.anaconda.org/conda-forge/linux-64/libbrotlicommon-1.2.0-h39a168f_4.conda
  sha256: c4e9854c585f3ee1785f651287ecdf8c28f30a2ea1b159a513005f8a0f6453a3
  md5: df210655e30a05e3b069c91b7aaddd2d
  depends:
  - __glibc >=2.17,<3.0.a0
  - libgcc >=15
  license: MIT
  license_family: MIT
  run_exports:
    weak:
    - libbrotlicommon >=1.2.0,<1.3.0a0
  size: 80561
  timestamp: 1788480364653
- conda: https://conda.anaconda.org/conda-forge/linux-64/libbrotlidec-1.2.0-ha411449_4.conda
  sha256: d5ed24da3e583a92227fe77280978b7933f07a39a2b60156c5ad95e5c76733fa
  md5: 0cfd601eb03cca403dcc248844787486
  depends:
  - __glibc >=2.17,<3.0.a0
  - libbrotlicommon 1.2.0 h39a168f_4
  - libgcc >=15
  license: MIT
  license_family: MIT
  run_exports:
    weak:
    - libbrotlidec >=1.2.0,<1.3.0a0
  size: 34739
  timestamp: 1788480374261
- conda: https://conda.anaconda.org/conda-forge/linux-64/libbrotlienc-1.2.0-h018ffa1_4.conda
  sha256: b9f3cb510337655485c2e79ce5f7dd468991b19ad29723ffa1175a0aed1b69ae
  md5: 4136f6e4ef4835cc7df39a707cbd511c
  depends:
  - __glibc >=2.17,<3.0.a0
  - libbrotlicommon 1.2.0 h39a168f_4
  - libgcc >=15
  license: MIT
  license_family: MIT
  run_exports:
    weak:
    - libbrotlienc >=1.2.0,<1.3.0a0
  size: 298134
  timestamp: 1788480383223
- conda: https://conda.anaconda.org/conda-forge/linux-64/libev-4.33-h280c20c_3.conda
  sha256: e4418f68d01a6307c4431b585c71b584f40189877364e542ee87deb777f5e85b
  md5: 7bc31538d6e3fb349e897353969237ec
  depends:
  - libgcc >=14
  - __glibc >=2.17,<3.0.a0
  license: BSD-2-Clause OR GPL-2.0-or-later
  license_family: GPL
  run_exports:
    weak:
    - libev >=4.33,<4.34.0a0
  size: 43220
  timestamp: 1785917328200
- conda: https://conda.anaconda.org/conda-forge/linux-64/libgcc-16.2.0-ha9f2e26_7.conda
  sha256: e031634c3a928f9594eba868bc46ef5230d6571a364a0c63215b06c4563bfcea
  md5: 735629b400b70eeab21a2ba8f5b1c2ce
  depends:
  - __glibc >=2.17,<3.0.a0
  - _openmp_mutex >=4.5
  constrains:
  - libgcc-ng ==16.2.0=*_7
  - libgomp 16.2.0 he0feb66_7
  license: GPL-3.0-only WITH GCC-exception-3.1
  license_family: GPL
  run_exports: {}
  size: 1058444
  timestamp: 1790303109576
- conda: https://conda.anaconda.org/conda-forge/linux-64/libgomp-16.2.0-he0feb66_7.conda
  sha256: 92a0bb350c7be6a4eedcb4e111c60aefd176018e6b1c009a6e025dbe9bbcd758
  md5: d904c7ddd95e026254b4b80808ee9e12
  depends:
  - __glibc >=2.17,<3.0.a0
  license: GPL-3.0-only WITH GCC-exception-3.1
  license_family: GPL
  run_exports:
    strong:
    - _openmp_mutex >=4.5
  size: 640566
  timestamp: 1790303046034
- conda: https://conda.anaconda.org/conda-forge/linux-64/libnghttp2-1.68.1-h74cf4be_1.conda
  sha256: 11a2f54a6f391e25738bce0023e6ef499600147bbcf21c1fa69d2e251b03cc6a
  md5: 75d211f04ac87506f1f43420712a69fe
  depends:
  - __glibc >=2.17,<3.0.a0
  - c-ares >=1.34.8,<2.0a0
  - libev >=4.33,<4.34.0a0
  - libev >=4.33,<5.0a0
  - libgcc >=15
  - libstdcxx >=15
  - libzlib >=1.3.2,<2.0a0
  - openssl >=3.5.7,<4.0a0
  license: MIT
  license_family: MIT
  run_exports:
    weak:
    - libnghttp2 >=1.68.1,<2.0a0
  size: 649974
  timestamp: 1787177490105
- conda: https://conda.anaconda.org/conda-forge/linux-64/libsqlite-3.53.4-h0737f62_102.conda
  sha256: 0f6e60634de2b55da15772fe65485965fd9b61afcce0d749c1446f625babba30
  md5: 59ec6dc9fa87a6687c00969d4dcfcd97
  depends:
  - __glibc >=2.17,<3.0.a0
  - libgcc >=15
  - libzlib >=1.3.2,<2.0a0
  license: blessing
  run_exports:
    weak:
    - libsqlite >=3.53.4,<4.0a0
  size: 969522
  timestamp: 1791167270446
- conda: https://conda.anaconda.org/conda-forge/linux-64/libstdcxx-16.2.0-h934c35e_7.conda
  sha256: fa7018298629fc429971fffd6ecba3d27a7b02e4e890d6a93ea01ffebe8cb745
  md5: 9b6707e0caca917fa6ea9ee473f37a5d
  depends:
  - __glibc >=2.17,<3.0.a0
  - libgcc 16.2.0 ha9f2e26_7
  constrains:
  - libstdcxx-ng ==16.2.0=*_7
  license: GPL-3.0-only WITH GCC-exception-3.1
  license_family: GPL
  run_exports: {}
  size: 6615436
  timestamp: 1790303132935
- conda: https://conda.anaconda.org/conda-forge/linux-64/libuv-1.52.1-h280c20c_1.conda
  sha256: 67761d0206f84140047a367eaf9befe03a7e157a29ee25aee0047b40801cc6b6
  md5: 01c4ed87826af55996768af6dbc936b4
  depends:
  - libgcc >=14
  - __glibc >=2.17,<3.0.a0
  license: MIT
  license_family: MIT
  run_exports:
    weak:
    - libuv >=1.52.1,<2.0a0
  size: 420040
  timestamp: 1785914567661
- conda: https://conda.anaconda.org/conda-forge/linux-64/libzlib-1.3.2-h25fd6f3_3.conda
  sha256: eb8a0db0aa570124f7d2a93d7c7f596e3390df5e047818d873baad32985fc736
  md5: 0de0122d9570a8ab637c6b73db268389
  depends:
  - __glibc >=2.17,<3.0.a0
  constrains:
  - zlib 1.3.2 *_3
  license: Zlib
  license_family: Other
  run_exports:
    weak:
    - libzlib >=1.3.2,<2.0a0
  size: 63713
  timestamp: 1785362952714
- conda: https://conda.anaconda.org/conda-forge/linux-64/nodejs-24.21.0-h50021de_0.conda
  sha256: 71caee2b535b09ac5d49e01f6d69ac47a7c193b68d95b4c3fb71694c574315f6
  md5: 6782b3e1097243f9a33a417130b83cd5
  depends:
  - libgcc >=15
  - __glibc >=2.28,<3.0.a0
  - libstdcxx >=15
  - icu >=78.3,<79.0a0
  - zstd >=1.5.7,<1.6.0a0
  - openssl >=3.5.8,<4.0a0
  - libsqlite >=3.53.4,<4.0a0
  - libnghttp2 >=1.68.1,<2.0a0
  - libzlib >=1.3.2,<2.0a0
  - libbrotlicommon >=1.2.0,<1.3.0a0
  - libbrotlienc >=1.2.0,<1.3.0a0
  - libbrotlidec >=1.2.0,<1.3.0a0
  - c-ares >=1.34.8,<2.0a0
  - libuv >=1.52.1,<2.0a0
  license: MIT
  license_family: MIT
  run_exports:
    weak:
    - nodejs >=24.21.0,<25.0a0
  size: 18409240
  timestamp: 1789373434215
- conda: https://conda.anaconda.org/conda-forge/linux-64/openssl-3.6.5-h781a0a9_0.conda
  sha256: 9c1533f1cf784f0e250919c0c9762d0b0e6bc727a79290ffb7cea1ceca1d038c
  md5: 5a51a2ea653f120240b1a9bf76e0aae9
  depends:
  - __glibc >=2.17,<3.0.a0
  - ca-certificates
  - libgcc >=15
  license: Apache-2.0
  license_family: Apache
  run_exports:
    weak:
    - openssl >=3.6.5,<4.0a0
  size: 3195299
  timestamp: 1791098052301
- conda: https://conda.anaconda.org/conda-forge/linux-64/pandoc-3.12-ha770c72_0.conda
  sha256: 9ec6bb8e28618be34febca56bc54e55957eb094bb7f0ec4fb57dbac42b1526f0
  md5: 19d3fed3365d1fb583af12b5808c333a
  license: GPL-2.0-or-later
  license_family: GPL
  run_exports: {}
  size: 22984634
  timestamp: 1790766117341
- conda: https://conda.anaconda.org/conda-forge/linux-64/zstd-1.5.7-hb78ec9c_7.conda
  sha256: 47d682b9f6d6ec9eb1a6e6c3e75ea6273e899e78fb7fc59f81d39745009fbc60
  md5: aa459086047c0e5e27023ab19f8cb86a
  depends:
  - __glibc >=2.17,<3.0.a0
  - libzlib >=1.3.2,<2.0a0
  license: BSD-3-Clause
  license_family: BSD
  run_exports:
    weak:
    - zstd >=1.5.7,<1.6.0a0
  size: 601301
  timestamp: 1786599621503
- conda: https://conda.anaconda.org/conda-forge/noarch/ca-certificates-2026.7.22-hbd8a1cb_0.conda
  sha256: 0a0544cf95f64394fe4959286f5c71f5444ad58feb0602e53becb27448d24da6
  md5: 0f51e2391ade309db462a55611263e9c
  depends:
  - __unix
  license: ISC
  run_exports: {}
  size: 131780
  timestamp: 1784754889428
- conda: https://conda.anaconda.org/conda-forge/osx-64/c-ares-1.34.8-had63097_2.conda
  sha256: a00162ac4b2f68a6ddf23905e9d2fdb3ecd5abad51659f512539952a780d53ed
  md5: 925ff9ab74f4b9262a28842766e9e7b1
  depends:
  - __osx >=11.0
  license: MIT
  license_family: MIT
  run_exports:
    weak:
    - c-ares >=1.34.8,<2.0a0
  size: 205559
  timestamp: 1787170041830
- conda: https://conda.anaconda.org/conda-forge/osx-64/icu-78.3-py313hbf1d544_2.conda
  sha256: 3abd86f3441f143b6b3203c92ae0d88dd8396a8857940af468f1fab854cdae57
  md5: f13f4740c18b562bf2662d494bad6099
  depends:
  - __osx >=11.0
  license: MIT
  license_family: MIT
  run_exports:
    weak:
    - icu >=78.3,<79.0a0
  size: 14223209
  timestamp: 1786545868538
- conda: https://conda.anaconda.org/conda-forge/osx-64/libbrotlicommon-1.2.0-he0616a4_4.conda
  sha256: 14560b40c2c318f76ea517452f810ae9b9b752a75014138ff1ad06dba7c7e55d
  md5: faa59453024554888f67ac3142f6e4f4
  depends:
  - __osx >=11.0
  license: MIT
  license_family: MIT
  run_exports:
    weak:
    - libbrotlicommon >=1.2.0,<1.3.0a0
  size: 78827
  timestamp: 1788480981901
- conda: https://conda.anaconda.org/conda-forge/osx-64/libbrotlidec-1.2.0-h4a2f56c_4.conda
  sha256: 61d001395c040d0879bc25e1a012f0d80dff315a3b96da1f4018a6815341442a
  md5: 23362431ccf826a88ea0bdefd2ffa9dd
  depends:
  - __osx >=11.0
  - libbrotlicommon 1.2.0 he0616a4_4
  license: MIT
  license_family: MIT
  run_exports:
    weak:
    - libbrotlidec >=1.2.0,<1.3.0a0
  size: 31518
  timestamp: 1788481027514
- conda: https://conda.anaconda.org/conda-forge/osx-64/libbrotlienc-1.2.0-h3d41943_4.conda
  sha256: fb3c5a415789e7cbd6a6cd2453716ab18c360a66e46a8e2abb8b99b719535bb7
  md5: c9d01f04f03fff927a846e1985a89383
  depends:
  - __osx >=11.0
  - libbrotlicommon 1.2.0 he0616a4_4
  license: MIT
  license_family: MIT
  run_exports:
    weak:
    - libbrotlienc >=1.2.0,<1.3.0a0
  size: 312039
  timestamp: 1788481058122
- conda: https://conda.anaconda.org/conda-forge/osx-64/libcxx-23.1.2-h19cb2f5_0.conda
  sha256: 0ad8c788c3681674f100820cf5e76fcc8ec88502e7aa64f4776581985009a7be
  md5: 777bab0f24c6dc33b8a9ec8025653e41
  depends:
  - __osx >=11.0
  license: Apache-2.0 WITH LLVM-exception
  license_family: Apache
  run_exports: {}
  size: 576040
  timestamp: 1790163953924
- conda: https://conda.anaconda.org/conda-forge/osx-64/libev-4.33-ha3d0635_3.conda
  sha256: 223314a7476bdeb00f698937b6960fc51cb98627af2ac5a629e5150bcddb8abf
  md5: 6d2f0447151b390bdaed846e143272e3
  depends:
  - __osx >=11.0
  license: BSD-2-Clause OR GPL-2.0-or-later
  license_family: GPL
  run_exports:
    weak:
    - libev >=4.33,<4.34.0a0
  size: 40479
  timestamp: 1785917395373
- conda: https://conda.anaconda.org/conda-forge/osx-64/libnghttp2-1.68.1-h1e30255_1.conda
  sha256: 2d5c131553e83089be74988529d758e2a6dbb9227056d8fa19c01f5ccef6e6fc
  md5: b7c605bed8006cdeb822dd7de6ac87c7
  depends:
  - __osx >=11.0
  - c-ares >=1.34.8,<2.0a0
  - libcxx >=21
  - libev >=4.33,<4.34.0a0
  - libev >=4.33,<5.0a0
  - libzlib >=1.3.2,<2.0a0
  - openssl >=3.5.7,<4.0a0
  license: MIT
  license_family: MIT
  run_exports:
    weak:
    - libnghttp2 >=1.68.1,<2.0a0
  size: 598607
  timestamp: 1787178086085
- conda: https://conda.anaconda.org/conda-forge/osx-64/libsqlite-3.53.4-ha5db789_102.conda
  sha256: 1902d4b50b964f9753145ec0121f51a0fefaf64ca9806aae860cecb81cc75b98
  md5: 3fd4d7c9bcb8d4911fc202a731b5bb38
  depends:
  - __osx >=11.0
  - libzlib >=1.3.2,<2.0a0
  license: blessing
  run_exports:
    weak:
    - libsqlite >=3.53.4,<4.0a0
  size: 1008845
  timestamp: 1791167528883
- conda: https://conda.anaconda.org/conda-forge/osx-64/libuv-1.52.1-ha3d0635_1.conda
  sha256: 4aacf651487bf2cd4dcfab49ea98a00a34305919ff3a09b66b7ddaa97d8b316f
  md5: 17b0d6c818992264752f1a720be711fc
  depends:
  - __osx >=11.0
  license: MIT
  license_family: MIT
  run_exports:
    weak:
    - libuv >=1.52.1,<2.0a0
  size: 128560
  timestamp: 1785914631885
- conda: https://conda.anaconda.org/conda-forge/osx-64/libzlib-1.3.2-hbb4bfdb_3.conda
  sha256: b2dba286dd6632292b12296e761193b5ef9fb0eaeecaa481f5ba9af72c0c18e1
  md5: 7d3fa28263bb7f8ea32db11f570a5bb6
  depends:
  - __osx >=11.0
  constrains:
  - zlib 1.3.2 *_3
  license: Zlib
  license_family: Other
  run_exports:
    weak:
    - libzlib >=1.3.2,<2.0a0
  size: 58993
  timestamp: 1785276808631
- conda: https://conda.anaconda.org/conda-forge/osx-64/nodejs-24.21.0-hcead6ad_0.conda
  sha256: ede9e1aeee9b428cf048cda33042728f0d0932bcb089e673427ef0d4c6b73a32
  md5: 18bd5ca64e821a326f3f423f2d750496
  depends:
  - __osx >=12.0
  - libcxx >=21
  - openssl >=3.5.8,<4.0a0
  - icu >=78.3,<79.0a0
  - libnghttp2 >=1.68.1,<2.0a0
  - c-ares >=1.34.8,<2.0a0
  - libuv >=1.52.1,<2.0a0
  - libzlib >=1.3.2,<2.0a0
  - libsqlite >=3.53.4,<4.0a0
  - zstd >=1.5.7,<1.6.0a0
  - libbrotlicommon >=1.2.0,<1.3.0a0
  - libbrotlienc >=1.2.0,<1.3.0a0
  - libbrotlidec >=1.2.0,<1.3.0a0
  license: MIT
  license_family: MIT
  run_exports:
    weak:
    - nodejs >=24.21.0,<25.0a0
  size: 17705591
  timestamp: 1789373537432
- conda: https://conda.anaconda.org/conda-forge/osx-64/openssl-3.6.5-h332eb6d_0.conda
  sha256: d992d27aec2f1beac81f792c85b449546c030f06937b5b3ea7cf58431861dde4
  md5: 615ac6cff316565b442cd1af8b94837f
  depends:
  - __osx >=11.0
  - ca-certificates
  license: Apache-2.0
  license_family: Apache
  run_exports:
    weak:
    - openssl >=3.6.5,<4.0a0
  size: 2786968
  timestamp: 1791099439455
- conda: https://conda.anaconda.org/conda-forge/osx-64/pandoc-3.12-h694c41f_0.conda
  sha256: 329b2b41ec366eb9500784b69e4aa6ccf2c22e3c23aa7bc241cadca2cd700067
  md5: a06122aee2cfbca8cc999f3db4070822
  license: GPL-2.0-or-later
  license_family: GPL
  run_exports: {}
  size: 17306354
  timestamp: 1790766422237
- conda: https://conda.anaconda.org/conda-forge/osx-64/zstd-1.5.7-hbc1a06c_7.conda
  sha256: 5277886d9704a624dc9b79ac985861e1e431bdb39a57c082507ab577a138ec6c
  md5: c1d11f04327e40537ffe6cad5b131019
  depends:
  - __osx >=11.0
  - libzlib >=1.3.2,<2.0a0
  license: BSD-3-Clause
  license_family: BSD
  run_exports:
    weak:
    - zstd >=1.5.7,<1.6.0a0
  size: 528228
  timestamp: 1786599702092
- conda: https://conda.anaconda.org/conda-forge/osx-arm64/c-ares-1.34.8-h74c22ad_2.conda
  sha256: 82bdd5a3fcada6afef6255a9bf41172f07b362f36e04a354dc2abc0a29bfb756
  md5: 4cc01a374215de38387d45e19c8c5c9c
  depends:
  - __osx >=11.0
  license: MIT
  license_family: MIT
  run_exports:
    weak:
    - c-ares >=1.34.8,<2.0a0
  size: 197819
  timestamp: 1787169996553
- conda: https://conda.anaconda.org/conda-forge/osx-arm64/icu-78.3-py310h579977c_2.conda
  sha256: 6cdb5dee54c72e56ab189fb3ad33cb28533553d42590e7e831160248f4416a43
  md5: a5efc0b42bb8b42e97d0a29ae3e3c187
  depends:
  - __osx >=11.0
  license: MIT
  license_family: MIT
  run_exports:
    weak:
    - icu >=78.3,<79.0a0
  size: 14070242
  timestamp: 1786545847761
- conda: https://conda.anaconda.org/conda-forge/osx-arm64/libbrotlicommon-1.2.0-h1dcdb26_4.conda
  sha256: 8a6e4789a6049dabb41c6fcaf6719232245484d81dfeb199b5abdb95c84c9fc2
  md5: 8f3981871d167a6cd323e636e1929dd4
  depends:
  - __osx >=11.0
  license: MIT
  license_family: MIT
  run_exports:
    weak:
    - libbrotlicommon >=1.2.0,<1.3.0a0
  size: 79648
  timestamp: 1788480342707
- conda: https://conda.anaconda.org/conda-forge/osx-arm64/libbrotlidec-1.2.0-h5295a6a_4.conda
  sha256: 4e1f5989561de4546209b42c935795a41fa4265e0b670861480f1adffec623a8
  md5: da537a1643ef3e13bdccf16cca206f2c
  depends:
  - __osx >=11.0
  - libbrotlicommon 1.2.0 h1dcdb26_4
  license: MIT
  license_family: MIT
  run_exports:
    weak:
    - libbrotlidec >=1.2.0,<1.3.0a0
  size: 29864
  timestamp: 1788480352084
- conda: https://conda.anaconda.org/conda-forge/osx-arm64/libbrotlienc-1.2.0-h2ddc9cb_4.conda
  sha256: 4d2da97825b221054a39f492e4dffe361e1931c8381d0367f1e0598a50d02f34
  md5: 39a25d500b191c16996239c4afa104f1
  depends:
  - __osx >=11.0
  - libbrotlicommon 1.2.0 h1dcdb26_4
  license: MIT
  license_family: MIT
  run_exports:
    weak:
    - libbrotlienc >=1.2.0,<1.3.0a0
  size: 295505
  timestamp: 1788480359341
- conda: https://conda.anaconda.org/conda-forge/osx-arm64/libcxx-23.1.2-h55c6f16_0.conda
  sha256: 087a610bacee7901d259ef72c6f060d795ab26831bd7541ba75ced786a5a63f9
  md5: 01af3f03d850cbab9ae9b86d726a9921
  depends:
  - __osx >=11.0
  license: Apache-2.0 WITH LLVM-exception
  license_family: Apache
  run_exports: {}
  size: 579372
  timestamp: 1790163402114
- conda: https://conda.anaconda.org/conda-forge/osx-arm64/libev-4.33-h1a92334_3.conda
  sha256: c0100064506ae8abb432c5a506d474f10af2cf48c33d62bc221fb28b6d6ff6ac
  md5: 19e86c8a6a47e92bb2e70ca12e758c5c
  depends:
  - __osx >=11.0
  license: BSD-2-Clause OR GPL-2.0-or-later
  license_family: GPL
  run_exports:
    weak:
    - libev >=4.33,<4.34.0a0
  size: 39991
  timestamp: 1785917376956
- conda: https://conda.anaconda.org/conda-forge/osx-arm64/libnghttp2-1.68.1-h435687b_1.conda
  sha256: 445440d8cccccb6585f71d1eb7c949d64a2af2ced5481d924621424ff3b6a398
  md5: ac9902dcbe0417f50cf95ab2bde062fa
  depends:
  - __osx >=11.0
  - c-ares >=1.34.8,<2.0a0
  - libcxx >=21
  - libev >=4.33,<4.34.0a0
  - libev >=4.33,<5.0a0
  - libzlib >=1.3.2,<2.0a0
  - openssl >=3.5.7,<4.0a0
  license: MIT
  license_family: MIT
  run_exports:
    weak:
    - libnghttp2 >=1.68.1,<2.0a0
  size: 567024
  timestamp: 1787177422467
- conda: https://conda.anaconda.org/conda-forge/osx-arm64/libsqlite-3.53.4-h34a968b_102.conda
  sha256: 0343b4f1c1a9f2feb0496bf159d13c5dd894ca750b9016f1282df5a4b82bd80e
  md5: 46a1017240580d5c504a40293b2d41c1
  depends:
  - __osx >=11.0
  - libzlib >=1.3.2,<2.0a0
  license: blessing
  run_exports:
    weak:
    - libsqlite >=3.53.4,<4.0a0
  size: 939016
  timestamp: 1791167241399
- conda: https://conda.anaconda.org/conda-forge/osx-arm64/libuv-1.52.1-h1a92334_1.conda
  sha256: 4f47de9de1990efd998edbbd6793f89c8f02ffde987ae8120b1c006acefd2a04
  md5: de09bd0f175611e94f21b28f8c708e80
  depends:
  - __osx >=11.0
  license: MIT
  license_family: MIT
  run_exports:
    weak:
    - libuv >=1.52.1,<2.0a0
  size: 122729
  timestamp: 1785914645797
- conda: https://conda.anaconda.org/conda-forge/osx-arm64/libzlib-1.3.2-h8088a28_3.conda
  sha256: a18fa5d5bac452401459f966cf0d872224e8080c4ff93c77e168d43ab42ef9d7
  md5: f39288f0ea63ae962e1a2e4f355a0d75
  depends:
  - __osx >=11.0
  constrains:
  - zlib 1.3.2 *_3
  license: Zlib
  license_family: Other
  run_exports:
    weak:
    - libzlib >=1.3.2,<2.0a0
  size: 47822
  timestamp: 1785277049190
- conda: https://conda.anaconda.org/conda-forge/osx-arm64/nodejs-24.21.0-hb275ff0_0.conda
  sha256: 59ef7e97af55f3eb2859ba16c47d04e8d9f2dcaab360ebd4cd7a20de31046a77
  md5: e726fc601420b0cd36dc60abb279750e
  depends:
  - libcxx >=21
  - __osx >=12.0
  - zstd >=1.5.7,<1.6.0a0
  - c-ares >=1.34.8,<2.0a0
  - libzlib >=1.3.2,<2.0a0
  - icu >=78.3,<79.0a0
  - libsqlite >=3.53.4,<4.0a0
  - libnghttp2 >=1.68.1,<2.0a0
  - libuv >=1.52.1,<2.0a0
  - openssl >=3.5.8,<4.0a0
  - libbrotlicommon >=1.2.0,<1.3.0a0
  - libbrotlienc >=1.2.0,<1.3.0a0
  - libbrotlidec >=1.2.0,<1.3.0a0
  license: MIT
  license_family: MIT
  run_exports:
    weak:
    - nodejs >=24.21.0,<25.0a0
  size: 16535175
  timestamp: 1789373474730
- conda: https://conda.anaconda.org/conda-forge/osx-arm64/openssl-3.6.5-h55eecbc_0.conda
  sha256: 44fbc526456571a9fb8fa18157f6f269d4d4bd40eef20183a93b9c9296f94497
  md5: 45d9179cdf6e53d88aec034246f0dad6
  depends:
  - __osx >=11.0
  - ca-certificates
  license: Apache-2.0
  license_family: Apache
  run_exports:
    weak:
    - openssl >=3.6.5,<4.0a0
  size: 3111573
  timestamp: 1791097959641
- conda: https://conda.anaconda.org/conda-forge/osx-arm64/pandoc-3.12-hce30654_0.conda
  sha256: 795e8baf12439d8f49b0051a9eeebdff27f29900c96cee3952fb2cc016f5503a
  md5: 6a98b82d5c651b6bf7833103e757f6d9
  license: GPL-2.0-or-later
  license_family: GPL
  run_exports: {}
  size: 27604701
  timestamp: 1790766188462
- conda: https://conda.anaconda.org/conda-forge/osx-arm64/zstd-1.5.7-hf451053_7.conda
  sha256: da867f5092eb0cb746d353694f0098031fd9817a4ce7d5743121209ae0f406ca
  md5: 4ec2684c73812cc2c3d78379384a39cc
  depends:
  - __osx >=11.0
  - libzlib >=1.3.2,<2.0a0
  license: BSD-3-Clause
  license_family: BSD
  run_exports:
    weak:
    - zstd >=1.5.7,<1.6.0a0
  size: 433687
  timestamp: 1786599629846
- conda: https://conda.anaconda.org/conda-forge/win-64/nodejs-24.21.0-h80d1838_0.conda
  sha256: 5fab60ffab3d296825c410ef5dc8a872a938d64dfb83bf9891e5d0d955bf3098
  md5: bbd1757b2abb3fdf7a3f24311549cc6b
  license: MIT
  license_family: MIT
  run_exports:
    weak:
    - nodejs >=24.21.0,<25.0a0
  size: 31206067
  timestamp: 1789373463407
- conda: https://conda.anaconda.org/conda-forge/win-64/pandoc-3.12-h57928b3_0.conda
  sha256: 567ee94fc009666870407be3c19f362ccce122d21e0e5cb358dc13d234859475
  md5: ee6aab5c407ecba0b72be400edda7f84
  license: GPL-2.0-or-later
  license_family: GPL
  run_exports: {}
  size: 27254333
  timestamp: 1790766247181
